// !$*UTF8*$!
{
	archiveVersion = 1;
	classes = {
	};
	objectVersion = 56;
	objects = {

/* Begin PBXBuildFile section */
		D0082D28297C105E005A5B7A /* ProfileViewController.swift in Sources */ = {isa = PBXBuildFile; fileRef = D0082D27297C105E005A5B7A /* ProfileViewController.swift */; };
		D0082D2B297D4A5C005A5B7A /* SingleImageViewController.swift in Sources */ = {isa = PBXBuildFile; fileRef = D0082D2A297D4A5C005A5B7A /* SingleImageViewController.swift */; };
		D00CCF2A29B63DD8001529A0 /* Kingfisher in Frameworks */ = {isa = PBXBuildFile; productRef = D00CCF2929B63DD8001529A0 /* Kingfisher */; };
		D00CCF2D29B65708001529A0 /* SwiftKeychainWrapper in Frameworks */ = {isa = PBXBuildFile; productRef = D00CCF2C29B65708001529A0 /* SwiftKeychainWrapper */; };
		D00CCF3029B65FE2001529A0 /* TabBarController.swift in Sources */ = {isa = PBXBuildFile; fileRef = D00CCF2F29B65FE2001529A0 /* TabBarController.swift */; };
		D00CCF3C29B8C63A001529A0 /* UIColor+Extensions.swift.swift in Sources */ = {isa = PBXBuildFile; fileRef = D00CCF3B29B8C63A001529A0 /* UIColor+Extensions.swift.swift */; };
		D00CCF3F29BB7BD8001529A0 /* ImagesListService.swift in Sources */ = {isa = PBXBuildFile; fileRef = D00CCF3E29BB7BD8001529A0 /* ImagesListService.swift */; };
		D0193DDC2958A5C1004F4850 /* AppDelegate.swift in Sources */ = {isa = PBXBuildFile; fileRef = D0193DDB2958A5C1004F4850 /* AppDelegate.swift */; };
		D0193DDE2958A5C1004F4850 /* SceneDelegate.swift in Sources */ = {isa = PBXBuildFile; fileRef = D0193DDD2958A5C1004F4850 /* SceneDelegate.swift */; };
		D0193DE02958A5C1004F4850 /* ImagesListViewController.swift in Sources */ = {isa = PBXBuildFile; fileRef = D0193DDF2958A5C1004F4850 /* ImagesListViewController.swift */; };
		D0193DE32958A5C1004F4850 /* Main.storyboard in Resources */ = {isa = PBXBuildFile; fileRef = D0193DE12958A5C1004F4850 /* Main.storyboard */; };
		D0193DE52958A5C5004F4850 /* Assets.xcassets in Resources */ = {isa = PBXBuildFile; fileRef = D0193DE42958A5C5004F4850 /* Assets.xcassets */; };
		D0193DE82958A5C5004F4850 /* LaunchScreen.storyboard in Resources */ = {isa = PBXBuildFile; fileRef = D0193DE62958A5C5004F4850 /* LaunchScreen.storyboard */; };
		D024A52A299F90FF001FDFDB /* Constants.swift in Sources */ = {isa = PBXBuildFile; fileRef = D024A529299F90FF001FDFDB /* Constants.swift */; };
		D024A52D299F929B001FDFDB /* AuthViewController.swift in Sources */ = {isa = PBXBuildFile; fileRef = D024A52C299F929B001FDFDB /* AuthViewController.swift */; };
		D024A52F299FA8C7001FDFDB /* WebViewViewController.swift in Sources */ = {isa = PBXBuildFile; fileRef = D024A52E299FA8C7001FDFDB /* WebViewViewController.swift */; };
		D024A532299FC4F0001FDFDB /* OAuth2Service.swift in Sources */ = {isa = PBXBuildFile; fileRef = D024A531299FC4F0001FDFDB /* OAuth2Service.swift */; };
		D024A53429A207EB001FDFDB /* OAuth2TokenStorage.swift in Sources */ = {isa = PBXBuildFile; fileRef = D024A53329A207EB001FDFDB /* OAuth2TokenStorage.swift */; };
		D024A53629A21DB4001FDFDB /* SplashViewController.swift in Sources */ = {isa = PBXBuildFile; fileRef = D024A53529A21DB4001FDFDB /* SplashViewController.swift */; };
		D032EC6D29B35F3600847BC7 /* UIBlockingProgressHUD.swift in Sources */ = {isa = PBXBuildFile; fileRef = D032EC6C29B35F3600847BC7 /* UIBlockingProgressHUD.swift */; };
		D032EC6F29B364FD00847BC7 /* ProfileService.swift in Sources */ = {isa = PBXBuildFile; fileRef = D032EC6E29B364FD00847BC7 /* ProfileService.swift */; };
		D032EC7129B3AB2E00847BC7 /* ProfileImageService.swift in Sources */ = {isa = PBXBuildFile; fileRef = D032EC7029B3AB2E00847BC7 /* ProfileImageService.swift */; };
		D032EC7329B4EA2F00847BC7 /* URL+Extensions.swift in Sources */ = {isa = PBXBuildFile; fileRef = D032EC7229B4EA2F00847BC7 /* URL+Extensions.swift */; };
		D03407EF29683915005E6ABE /* ImagesListCell.swift in Sources */ = {isa = PBXBuildFile; fileRef = D03407EE29683915005E6ABE /* ImagesListCell.swift */; };
		D072746529A7B5C20088C3C0 /* ProgressHUD in Frameworks */ = {isa = PBXBuildFile; productRef = D072746429A7B5C20088C3C0 /* ProgressHUD */; };
/* End PBXBuildFile section */

/* Begin PBXFileReference section */
		D0082D27297C105E005A5B7A /* ProfileViewController.swift */ = {isa = PBXFileReference; lastKnownFileType = sourcecode.swift; path = ProfileViewController.swift; sourceTree = "<group>"; };
		D0082D2A297D4A5C005A5B7A /* SingleImageViewController.swift */ = {isa = PBXFileReference; lastKnownFileType = sourcecode.swift; path = SingleImageViewController.swift; sourceTree = "<group>"; };
		D00CCF2F29B65FE2001529A0 /* TabBarController.swift */ = {isa = PBXFileReference; lastKnownFileType = sourcecode.swift; path = TabBarController.swift; sourceTree = "<group>"; };
		D00CCF3B29B8C63A001529A0 /* UIColor+Extensions.swift.swift */ = {isa = PBXFileReference; lastKnownFileType = sourcecode.swift; path = "UIColor+Extensions.swift.swift"; sourceTree = "<group>"; };
		D00CCF3E29BB7BD8001529A0 /* ImagesListService.swift */ = {isa = PBXFileReference; lastKnownFileType = sourcecode.swift; path = ImagesListService.swift; sourceTree = "<group>"; };
		D0193DD82958A5C1004F4850 /* ImageFeed.app */ = {isa = PBXFileReference; explicitFileType = wrapper.application; includeInIndex = 0; path = ImageFeed.app; sourceTree = BUILT_PRODUCTS_DIR; };
		D0193DDB2958A5C1004F4850 /* AppDelegate.swift */ = {isa = PBXFileReference; lastKnownFileType = sourcecode.swift; path = AppDelegate.swift; sourceTree = "<group>"; };
		D0193DDD2958A5C1004F4850 /* SceneDelegate.swift */ = {isa = PBXFileReference; lastKnownFileType = sourcecode.swift; path = SceneDelegate.swift; sourceTree = "<group>"; };
		D0193DDF2958A5C1004F4850 /* ImagesListViewController.swift */ = {isa = PBXFileReference; lastKnownFileType = sourcecode.swift; path = ImagesListViewController.swift; sourceTree = "<group>"; };
		D0193DE22958A5C1004F4850 /* Base */ = {isa = PBXFileReference; lastKnownFileType = file.storyboard; name = Base; path = Base.lproj/Main.storyboard; sourceTree = "<group>"; };
		D0193DE42958A5C5004F4850 /* Assets.xcassets */ = {isa = PBXFileReference; lastKnownFileType = folder.assetcatalog; path = Assets.xcassets; sourceTree = "<group>"; };
		D0193DE72958A5C5004F4850 /* Base */ = {isa = PBXFileReference; lastKnownFileType = file.storyboard; name = Base; path = Base.lproj/LaunchScreen.storyboard; sourceTree = "<group>"; };
		D0193DE92958A5C5004F4850 /* Info.plist */ = {isa = PBXFileReference; lastKnownFileType = text.plist.xml; path = Info.plist; sourceTree = "<group>"; };
		D024A529299F90FF001FDFDB /* Constants.swift */ = {isa = PBXFileReference; lastKnownFileType = sourcecode.swift; path = Constants.swift; sourceTree = "<group>"; };
		D024A52C299F929B001FDFDB /* AuthViewController.swift */ = {isa = PBXFileReference; lastKnownFileType = sourcecode.swift; path = AuthViewController.swift; sourceTree = "<group>"; };
		D024A52E299FA8C7001FDFDB /* WebViewViewController.swift */ = {isa = PBXFileReference; lastKnownFileType = sourcecode.swift; path = WebViewViewController.swift; sourceTree = "<group>"; };
		D024A531299FC4F0001FDFDB /* OAuth2Service.swift */ = {isa = PBXFileReference; lastKnownFileType = sourcecode.swift; path = OAuth2Service.swift; sourceTree = "<group>"; };
		D024A53329A207EB001FDFDB /* OAuth2TokenStorage.swift */ = {isa = PBXFileReference; lastKnownFileType = sourcecode.swift; path = OAuth2TokenStorage.swift; sourceTree = "<group>"; };
		D024A53529A21DB4001FDFDB /* SplashViewController.swift */ = {isa = PBXFileReference; lastKnownFileType = sourcecode.swift; path = SplashViewController.swift; sourceTree = "<group>"; };
		D032EC6C29B35F3600847BC7 /* UIBlockingProgressHUD.swift */ = {isa = PBXFileReference; lastKnownFileType = sourcecode.swift; path = UIBlockingProgressHUD.swift; sourceTree = "<group>"; };
		D032EC6E29B364FD00847BC7 /* ProfileService.swift */ = {isa = PBXFileReference; lastKnownFileType = sourcecode.swift; path = ProfileService.swift; sourceTree = "<group>"; };
		D032EC7029B3AB2E00847BC7 /* ProfileImageService.swift */ = {isa = PBXFileReference; lastKnownFileType = sourcecode.swift; path = ProfileImageService.swift; sourceTree = "<group>"; };
		D032EC7229B4EA2F00847BC7 /* URL+Extensions.swift */ = {isa = PBXFileReference; lastKnownFileType = sourcecode.swift; path = "URL+Extensions.swift"; sourceTree = "<group>"; };
		D03407EE29683915005E6ABE /* ImagesListCell.swift */ = {isa = PBXFileReference; lastKnownFileType = sourcecode.swift; path = ImagesListCell.swift; sourceTree = "<group>"; };
/* End PBXFileReference section */

/* Begin PBXFrameworksBuildPhase section */
		D0193DD52958A5C1004F4850 /* Frameworks */ = {
			isa = PBXFrameworksBuildPhase;
			buildActionMask = 2147483647;
			files = (
				D00CCF2A29B63DD8001529A0 /* Kingfisher in Frameworks */,
				D072746529A7B5C20088C3C0 /* ProgressHUD in Frameworks */,
				D00CCF2D29B65708001529A0 /* SwiftKeychainWrapper in Frameworks */,
			);
			runOnlyForDeploymentPostprocessing = 0;
		};
/* End PBXFrameworksBuildPhase section */

/* Begin PBXGroup section */
		D0082D29297D4A1E005A5B7A /* Profile */ = {
			isa = PBXGroup;
			children = (
				D0082D27297C105E005A5B7A /* ProfileViewController.swift */,
				D032EC6E29B364FD00847BC7 /* ProfileService.swift */,
				D032EC7029B3AB2E00847BC7 /* ProfileImageService.swift */,
			);
			path = Profile;
			sourceTree = "<group>";
		};
		D00CCF2E29B65FC9001529A0 /* TabBarController */ = {
			isa = PBXGroup;
			children = (
				D00CCF2F29B65FE2001529A0 /* TabBarController.swift */,
			);
			path = TabBarController;
			sourceTree = "<group>";
		};
		D00CCF3A29B8C622001529A0 /* Helpers */ = {
			isa = PBXGroup;
			children = (
				D032EC7229B4EA2F00847BC7 /* URL+Extensions.swift */,
				D00CCF3B29B8C63A001529A0 /* UIColor+Extensions.swift.swift */,
			);
			path = Helpers;
			sourceTree = "<group>";
		};
		D00CCF3D29BB7BC8001529A0 /* ImagesListService */ = {
			isa = PBXGroup;
			children = (
				D00CCF3E29BB7BD8001529A0 /* ImagesListService.swift */,
			);
			path = ImagesListService;
			sourceTree = "<group>";
		};
		D0193DCF2958A5C1004F4850 = {
			isa = PBXGroup;
			children = (
				D00CCF3A29B8C622001529A0 /* Helpers */,
				D0193DDA2958A5C1004F4850 /* ImageFeed */,
				D0193DD92958A5C1004F4850 /* Products */,
			);
			sourceTree = "<group>";
		};
		D0193DD92958A5C1004F4850 /* Products */ = {
			isa = PBXGroup;
			children = (
				D0193DD82958A5C1004F4850 /* ImageFeed.app */,
			);
			name = Products;
			sourceTree = "<group>";
		};
		D0193DDA2958A5C1004F4850 /* ImageFeed */ = {
			isa = PBXGroup;
			children = (
				D00CCF3D29BB7BC8001529A0 /* ImagesListService */,
				D00CCF2E29B65FC9001529A0 /* TabBarController */,
				D024A53729A21DBC001FDFDB /* SplashViewController */,
				D024A530299FC4D9001FDFDB /* ServiceAccessLayer */,
				D024A52B299F9276001FDFDB /* Auth */,
				D05BA7B72989613500080484 /* SingleImageView */,
				D03407ED296838EF005E6ABE /* ImagesList */,
				D0082D29297D4A1E005A5B7A /* Profile */,
				D0193DDB2958A5C1004F4850 /* AppDelegate.swift */,
				D0193DDD2958A5C1004F4850 /* SceneDelegate.swift */,
				D0193DE12958A5C1004F4850 /* Main.storyboard */,
				D0193DE42958A5C5004F4850 /* Assets.xcassets */,
				D0193DE62958A5C5004F4850 /* LaunchScreen.storyboard */,
				D0193DE92958A5C5004F4850 /* Info.plist */,
				D024A529299F90FF001FDFDB /* Constants.swift */,
			);
			path = ImageFeed;
			sourceTree = "<group>";
		};
		D024A52B299F9276001FDFDB /* Auth */ = {
			isa = PBXGroup;
			children = (
				D024A52C299F929B001FDFDB /* AuthViewController.swift */,
				D024A52E299FA8C7001FDFDB /* WebViewViewController.swift */,
				D032EC6C29B35F3600847BC7 /* UIBlockingProgressHUD.swift */,
			);
			path = Auth;
			sourceTree = "<group>";
		};
		D024A530299FC4D9001FDFDB /* ServiceAccessLayer */ = {
			isa = PBXGroup;
			children = (
				D024A531299FC4F0001FDFDB /* OAuth2Service.swift */,
				D024A53329A207EB001FDFDB /* OAuth2TokenStorage.swift */,
			);
			path = ServiceAccessLayer;
			sourceTree = "<group>";
		};
		D024A53729A21DBC001FDFDB /* SplashViewController */ = {
			isa = PBXGroup;
			children = (
				D024A53529A21DB4001FDFDB /* SplashViewController.swift */,
			);
			path = SplashViewController;
			sourceTree = "<group>";
		};
		D03407ED296838EF005E6ABE /* ImagesList */ = {
			isa = PBXGroup;
			children = (
				D0193DDF2958A5C1004F4850 /* ImagesListViewController.swift */,
				D03407EE29683915005E6ABE /* ImagesListCell.swift */,
			);
			path = ImagesList;
			sourceTree = "<group>";
		};
		D05BA7B72989613500080484 /* SingleImageView */ = {
			isa = PBXGroup;
			children = (
				D0082D2A297D4A5C005A5B7A /* SingleImageViewController.swift */,
			);
			path = SingleImageView;
			sourceTree = "<group>";
		};
/* End PBXGroup section */

/* Begin PBXNativeTarget section */
		D0193DD72958A5C1004F4850 /* ImageFeed */ = {
			isa = PBXNativeTarget;
			buildConfigurationList = D0193DEC2958A5C5004F4850 /* Build configuration list for PBXNativeTarget "ImageFeed" */;
			buildPhases = (
				D0193DD42958A5C1004F4850 /* Sources */,
				D0193DD52958A5C1004F4850 /* Frameworks */,
				D0193DD62958A5C1004F4850 /* Resources */,
			);
			buildRules = (
			);
			dependencies = (
			);
			name = ImageFeed;
			packageProductDependencies = (
				D072746429A7B5C20088C3C0 /* ProgressHUD */,
				D00CCF2929B63DD8001529A0 /* Kingfisher */,
				D00CCF2C29B65708001529A0 /* SwiftKeychainWrapper */,
			);
			productName = ImageFeed;
			productReference = D0193DD82958A5C1004F4850 /* ImageFeed.app */;
			productType = "com.apple.product-type.application";
		};
/* End PBXNativeTarget section */

/* Begin PBXProject section */
		D0193DD02958A5C1004F4850 /* Project object */ = {
			isa = PBXProject;
			attributes = {
				BuildIndependentTargetsInParallel = 1;
				LastSwiftUpdateCheck = 1410;
				LastUpgradeCheck = 1410;
				TargetAttributes = {
					D0193DD72958A5C1004F4850 = {
						CreatedOnToolsVersion = 14.1;
					};
				};
			};
			buildConfigurationList = D0193DD32958A5C1004F4850 /* Build configuration list for PBXProject "ImageFeed" */;
			compatibilityVersion = "Xcode 14.0";
			developmentRegion = en;
			hasScannedForEncodings = 0;
			knownRegions = (
				en,
				Base,
			);
			mainGroup = D0193DCF2958A5C1004F4850;
			packageReferences = (
				D072746329A7B5C20088C3C0 /* XCRemoteSwiftPackageReference "ProgressHUD" */,
				D00CCF2829B63DD8001529A0 /* XCRemoteSwiftPackageReference "Kingfisher" */,
				D00CCF2B29B65708001529A0 /* XCRemoteSwiftPackageReference "SwiftKeychainWrapper" */,
			);
			productRefGroup = D0193DD92958A5C1004F4850 /* Products */;
			projectDirPath = "";
			projectRoot = "";
			targets = (
				D0193DD72958A5C1004F4850 /* ImageFeed */,
			);
		};
/* End PBXProject section */

/* Begin PBXResourcesBuildPhase section */
		D0193DD62958A5C1004F4850 /* Resources */ = {
			isa = PBXResourcesBuildPhase;
			buildActionMask = 2147483647;
			files = (
				D0193DE82958A5C5004F4850 /* LaunchScreen.storyboard in Resources */,
				D0193DE52958A5C5004F4850 /* Assets.xcassets in Resources */,
				D0193DE32958A5C1004F4850 /* Main.storyboard in Resources */,
			);
			runOnlyForDeploymentPostprocessing = 0;
		};
/* End PBXResourcesBuildPhase section */

/* Begin PBXSourcesBuildPhase section */
		D0193DD42958A5C1004F4850 /* Sources */ = {
			isa = PBXSourcesBuildPhase;
			buildActionMask = 2147483647;
			files = (
				D0193DE02958A5C1004F4850 /* ImagesListViewController.swift in Sources */,
				D03407EF29683915005E6ABE /* ImagesListCell.swift in Sources */,
				D032EC7329B4EA2F00847BC7 /* URL+Extensions.swift in Sources */,
				D0082D28297C105E005A5B7A /* ProfileViewController.swift in Sources */,
				D00CCF3C29B8C63A001529A0 /* UIColor+Extensions.swift.swift in Sources */,
				D024A53629A21DB4001FDFDB /* SplashViewController.swift in Sources */,
				D0193DDC2958A5C1004F4850 /* AppDelegate.swift in Sources */,
				D00CCF3029B65FE2001529A0 /* TabBarController.swift in Sources */,
				D024A53429A207EB001FDFDB /* OAuth2TokenStorage.swift in Sources */,
				D032EC6D29B35F3600847BC7 /* UIBlockingProgressHUD.swift in Sources */,
				D024A52D299F929B001FDFDB /* AuthViewController.swift in Sources */,
				D024A52A299F90FF001FDFDB /* Constants.swift in Sources */,
				D0082D2B297D4A5C005A5B7A /* SingleImageViewController.swift in Sources */,
				D024A52F299FA8C7001FDFDB /* WebViewViewController.swift in Sources */,
				D00CCF3F29BB7BD8001529A0 /* ImagesListService.swift in Sources */,
				D024A532299FC4F0001FDFDB /* OAuth2Service.swift in Sources */,
				D032EC7129B3AB2E00847BC7 /* ProfileImageService.swift in Sources */,
				D0193DDE2958A5C1004F4850 /* SceneDelegate.swift in Sources */,
				D032EC6F29B364FD00847BC7 /* ProfileService.swift in Sources */,
			);
			runOnlyForDeploymentPostprocessing = 0;
		};
/* End PBXSourcesBuildPhase section */

/* Begin PBXVariantGroup section */
		D0193DE12958A5C1004F4850 /* Main.storyboard */ = {
			isa = PBXVariantGroup;
			children = (
				D0193DE22958A5C1004F4850 /* Base */,
			);
			name = Main.storyboard;
			sourceTree = "<group>";
		};
		D0193DE62958A5C5004F4850 /* LaunchScreen.storyboard */ = {
			isa = PBXVariantGroup;
			children = (
				D0193DE72958A5C5004F4850 /* Base */,
			);
			name = LaunchScreen.storyboard;
			sourceTree = "<group>";
		};
/* End PBXVariantGroup section */

/* Begin XCBuildConfiguration section */
		D0193DEA2958A5C5004F4850 /* Debug */ = {
			isa = XCBuildConfiguration;
			buildSettings = {
				ALWAYS_SEARCH_USER_PATHS = NO;
				CLANG_ANALYZER_NONNULL = YES;
				CLANG_ANALYZER_NUMBER_OBJECT_CONVERSION = YES_AGGRESSIVE;
				CLANG_CXX_LANGUAGE_STANDARD = "gnu++20";
				CLANG_ENABLE_MODULES = YES;
				CLANG_ENABLE_OBJC_ARC = YES;
				CLANG_ENABLE_OBJC_WEAK = YES;
				CLANG_WARN_BLOCK_CAPTURE_AUTORELEASING = YES;
				CLANG_WARN_BOOL_CONVERSION = YES;
				CLANG_WARN_COMMA = YES;
				CLANG_WARN_CONSTANT_CONVERSION = YES;
				CLANG_WARN_DEPRECATED_OBJC_IMPLEMENTATIONS = YES;
				CLANG_WARN_DIRECT_OBJC_ISA_USAGE = YES_ERROR;
				CLANG_WARN_DOCUMENTATION_COMMENTS = YES;
				CLANG_WARN_EMPTY_BODY = YES;
				CLANG_WARN_ENUM_CONVERSION = YES;
				CLANG_WARN_INFINITE_RECURSION = YES;
				CLANG_WARN_INT_CONVERSION = YES;
				CLANG_WARN_NON_LITERAL_NULL_CONVERSION = YES;
				CLANG_WARN_OBJC_IMPLICIT_RETAIN_SELF = YES;
				CLANG_WARN_OBJC_LITERAL_CONVERSION = YES;
				CLANG_WARN_OBJC_ROOT_CLASS = YES_ERROR;
				CLANG_WARN_QUOTED_INCLUDE_IN_FRAMEWORK_HEADER = YES;
				CLANG_WARN_RANGE_LOOP_ANALYSIS = YES;
				CLANG_WARN_STRICT_PROTOTYPES = YES;
				CLANG_WARN_SUSPICIOUS_MOVE = YES;
				CLANG_WARN_UNGUARDED_AVAILABILITY = YES_AGGRESSIVE;
				CLANG_WARN_UNREACHABLE_CODE = YES;
				CLANG_WARN__DUPLICATE_METHOD_MATCH = YES;
				COPY_PHASE_STRIP = NO;
				DEBUG_INFORMATION_FORMAT = dwarf;
				ENABLE_STRICT_OBJC_MSGSEND = YES;
				ENABLE_TESTABILITY = YES;
				GCC_C_LANGUAGE_STANDARD = gnu11;
				GCC_DYNAMIC_NO_PIC = NO;
				GCC_NO_COMMON_BLOCKS = YES;
				GCC_OPTIMIZATION_LEVEL = 0;
				GCC_PREPROCESSOR_DEFINITIONS = (
					"DEBUG=1",
					"$(inherited)",
				);
				GCC_WARN_64_TO_32_BIT_CONVERSION = YES;
				GCC_WARN_ABOUT_RETURN_TYPE = YES_ERROR;
				GCC_WARN_UNDECLARED_SELECTOR = YES;
				GCC_WARN_UNINITIALIZED_AUTOS = YES_AGGRESSIVE;
				GCC_WARN_UNUSED_FUNCTION = YES;
				GCC_WARN_UNUSED_VARIABLE = YES;
				IPHONEOS_DEPLOYMENT_TARGET = 13.0;
				MTL_ENABLE_DEBUG_INFO = INCLUDE_SOURCE;
				MTL_FAST_MATH = YES;
				ONLY_ACTIVE_ARCH = YES;
				SDKROOT = iphoneos;
				SWIFT_ACTIVE_COMPILATION_CONDITIONS = DEBUG;
				SWIFT_OPTIMIZATION_LEVEL = "-Onone";
			};
			name = Debug;
		};
		D0193DEB2958A5C5004F4850 /* Release */ = {
			isa = XCBuildConfiguration;
			buildSettings = {
				ALWAYS_SEARCH_USER_PATHS = NO;
				CLANG_ANALYZER_NONNULL = YES;
				CLANG_ANALYZER_NUMBER_OBJECT_CONVERSION = YES_AGGRESSIVE;
				CLANG_CXX_LANGUAGE_STANDARD = "gnu++20";
				CLANG_ENABLE_MODULES = YES;
				CLANG_ENABLE_OBJC_ARC = YES;
				CLANG_ENABLE_OBJC_WEAK = YES;
				CLANG_WARN_BLOCK_CAPTURE_AUTORELEASING = YES;
				CLANG_WARN_BOOL_CONVERSION = YES;
				CLANG_WARN_COMMA = YES;
				CLANG_WARN_CONSTANT_CONVERSION = YES;
				CLANG_WARN_DEPRECATED_OBJC_IMPLEMENTATIONS = YES;
				CLANG_WARN_DIRECT_OBJC_ISA_USAGE = YES_ERROR;
				CLANG_WARN_DOCUMENTATION_COMMENTS = YES;
				CLANG_WARN_EMPTY_BODY = YES;
				CLANG_WARN_ENUM_CONVERSION = YES;
				CLANG_WARN_INFINITE_RECURSION = YES;
				CLANG_WARN_INT_CONVERSION = YES;
				CLANG_WARN_NON_LITERAL_NULL_CONVERSION = YES;
				CLANG_WARN_OBJC_IMPLICIT_RETAIN_SELF = YES;
				CLANG_WARN_OBJC_LITERAL_CONVERSION = YES;
				CLANG_WARN_OBJC_ROOT_CLASS = YES_ERROR;
				CLANG_WARN_QUOTED_INCLUDE_IN_FRAMEWORK_HEADER = YES;
				CLANG_WARN_RANGE_LOOP_ANALYSIS = YES;
				CLANG_WARN_STRICT_PROTOTYPES = YES;
				CLANG_WARN_SUSPICIOUS_MOVE = YES;
				CLANG_WARN_UNGUARDED_AVAILABILITY = YES_AGGRESSIVE;
				CLANG_WARN_UNREACHABLE_CODE = YES;
				CLANG_WARN__DUPLICATE_METHOD_MATCH = YES;
				COPY_PHASE_STRIP = NO;
				DEBUG_INFORMATION_FORMAT = "dwarf-with-dsym";
				ENABLE_NS_ASSERTIONS = NO;
				ENABLE_STRICT_OBJC_MSGSEND = YES;
				GCC_C_LANGUAGE_STANDARD = gnu11;
				GCC_NO_COMMON_BLOCKS = YES;
				GCC_WARN_64_TO_32_BIT_CONVERSION = YES;
				GCC_WARN_ABOUT_RETURN_TYPE = YES_ERROR;
				GCC_WARN_UNDECLARED_SELECTOR = YES;
				GCC_WARN_UNINITIALIZED_AUTOS = YES_AGGRESSIVE;
				GCC_WARN_UNUSED_FUNCTION = YES;
				GCC_WARN_UNUSED_VARIABLE = YES;
				IPHONEOS_DEPLOYMENT_TARGET = 13.0;
				MTL_ENABLE_DEBUG_INFO = NO;
				MTL_FAST_MATH = YES;
				SDKROOT = iphoneos;
				SWIFT_COMPILATION_MODE = wholemodule;
				SWIFT_OPTIMIZATION_LEVEL = "-O";
				VALIDATE_PRODUCT = YES;
			};
			name = Release;
		};
		D0193DED2958A5C5004F4850 /* Debug */ = {
			isa = XCBuildConfiguration;
			buildSettings = {
				ASSETCATALOG_COMPILER_APPICON_NAME = AppIcon;
				ASSETCATALOG_COMPILER_GLOBAL_ACCENT_COLOR_NAME = AccentColor;
				CODE_SIGN_STYLE = Automatic;
				CURRENT_PROJECT_VERSION = 1;
				DEVELOPMENT_TEAM = 6P6HF74P83;
				GENERATE_INFOPLIST_FILE = YES;
				INFOPLIST_FILE = ImageFeed/Info.plist;
				INFOPLIST_KEY_UIApplicationSupportsIndirectInputEvents = YES;
				INFOPLIST_KEY_UILaunchStoryboardName = LaunchScreen;
				INFOPLIST_KEY_UIMainStoryboardFile = Main;
				INFOPLIST_KEY_UISupportedInterfaceOrientations = UIInterfaceOrientationPortrait;
				LD_RUNPATH_SEARCH_PATHS = (
					"$(inherited)",
					"@executable_path/Frameworks",
				);
				MARKETING_VERSION = 1.0;
				PRODUCT_BUNDLE_IDENTIFIER = maximag.ImageFeed;
				PRODUCT_NAME = "$(TARGET_NAME)";
				SUPPORTED_PLATFORMS = "iphoneos iphonesimulator";
				SUPPORTS_MACCATALYST = NO;
				SUPPORTS_MAC_DESIGNED_FOR_IPHONE_IPAD = NO;
				SWIFT_EMIT_LOC_STRINGS = YES;
				SWIFT_VERSION = 5.0;
				TARGETED_DEVICE_FAMILY = 1;
			};
			name = Debug;
		};
		D0193DEE2958A5C5004F4850 /* Release */ = {
			isa = XCBuildConfiguration;
			buildSettings = {
				ASSETCATALOG_COMPILER_APPICON_NAME = AppIcon;
				ASSETCATALOG_COMPILER_GLOBAL_ACCENT_COLOR_NAME = AccentColor;
				CODE_SIGN_STYLE = Automatic;
				CURRENT_PROJECT_VERSION = 1;
				DEVELOPMENT_TEAM = 6P6HF74P83;
				GENERATE_INFOPLIST_FILE = YES;
				INFOPLIST_FILE = ImageFeed/Info.plist;
				INFOPLIST_KEY_UIApplicationSupportsIndirectInputEvents = YES;
				INFOPLIST_KEY_UILaunchStoryboardName = LaunchScreen;
				INFOPLIST_KEY_UIMainStoryboardFile = Main;
				INFOPLIST_KEY_UISupportedInterfaceOrientations = UIInterfaceOrientationPortrait;
				LD_RUNPATH_SEARCH_PATHS = (
					"$(inherited)",
					"@executable_path/Frameworks",
				);
				MARKETING_VERSION = 1.0;
				PRODUCT_BUNDLE_IDENTIFIER = maximag.ImageFeed;
				PRODUCT_NAME = "$(TARGET_NAME)";
				SUPPORTED_PLATFORMS = "iphoneos iphonesimulator";
				SUPPORTS_MACCATALYST = NO;
				SUPPORTS_MAC_DESIGNED_FOR_IPHONE_IPAD = NO;
				SWIFT_EMIT_LOC_STRINGS = YES;
				SWIFT_VERSION = 5.0;
				TARGETED_DEVICE_FAMILY = 1;
			};
			name = Release;
		};
/* End XCBuildConfiguration section */

/* Begin XCConfigurationList section */
		D0193DD32958A5C1004F4850 /* Build configuration list for PBXProject "ImageFeed" */ = {
			isa = XCConfigurationList;
			buildConfigurations = (
				D0193DEA2958A5C5004F4850 /* Debug */,
				D0193DEB2958A5C5004F4850 /* Release */,
			);
			defaultConfigurationIsVisible = 0;
			defaultConfigurationName = Release;
		};
		D0193DEC2958A5C5004F4850 /* Build configuration list for PBXNativeTarget "ImageFeed" */ = {
			isa = XCConfigurationList;
			buildConfigurations = (
				D0193DED2958A5C5004F4850 /* Debug */,
				D0193DEE2958A5C5004F4850 /* Release */,
			);
			defaultConfigurationIsVisible = 0;
			defaultConfigurationName = Release;
		};
/* End XCConfigurationList section */

/* Begin XCRemoteSwiftPackageReference section */
		D00CCF2829B63DD8001529A0 /* XCRemoteSwiftPackageReference "Kingfisher" */ = {
			isa = XCRemoteSwiftPackageReference;
			repositoryURL = "https://github.com/onevcat/Kingfisher.git";
			requirement = {
				kind = upToNextMajorVersion;
				minimumVersion = 7.0.0;
			};
		};
		D00CCF2B29B65708001529A0 /* XCRemoteSwiftPackageReference "SwiftKeychainWrapper" */ = {
			isa = XCRemoteSwiftPackageReference;
			repositoryURL = "https://github.com/jrendel/SwiftKeychainWrapper";
			requirement = {
				kind = upToNextMajorVersion;
				minimumVersion = 4.0.0;
			};
		};
		D072746329A7B5C20088C3C0 /* XCRemoteSwiftPackageReference "ProgressHUD" */ = {
			isa = XCRemoteSwiftPackageReference;
			repositoryURL = "https://github.com/relatedcode/ProgressHUD";
			requirement = {
				kind = upToNextMajorVersion;
				minimumVersion = 13.0.0;
			};
		};
/* End XCRemoteSwiftPackageReference section */

/* Begin XCSwiftPackageProductDependency section */
		D00CCF2929B63DD8001529A0 /* Kingfisher */ = {
			isa = XCSwiftPackageProductDependency;
			package = D00CCF2829B63DD8001529A0 /* XCRemoteSwiftPackageReference "Kingfisher" */;
			productName = Kingfisher;
		};
		D00CCF2C29B65708001529A0 /* SwiftKeychainWrapper */ = {
			isa = XCSwiftPackageProductDependency;
			package = D00CCF2B29B65708001529A0 /* XCRemoteSwiftPackageReference "SwiftKeychainWrapper" */;
			productName = SwiftKeychainWrapper;
		};
		D072746429A7B5C20088C3C0 /* ProgressHUD */ = {
			isa = XCSwiftPackageProductDependency;
			package = D072746329A7B5C20088C3C0 /* XCRemoteSwiftPackageReference "ProgressHUD" */;
			productName = ProgressHUD;
		};
/* End XCSwiftPackageProductDependency section */
	};
	rootObject = D0193DD02958A5C1004F4850 /* Project object */;
}
